
Microsoft Visual Studio Solution File, Format Version 12.00
# Visual Studio Version 17
VisualStudioVersion = 17.0.32126.317
MinimumVisualStudioVersion = 10.0.40219.1
Project("{9A19103F-16F7-4668-BE54-9A1E7A4F7556}") = "BlazorApp1", "BlazorApp1.csproj", "{89D8C741-A969-46AA-B38A-FA323B42DA4A}"
EndProject
Global
	GlobalSection(SolutionConfigurationPlatforms) = preSolution
		Debug|Any CPU = Debug|Any CPU
		Release|Any CPU = Release|Any CPU
	EndGlobalSection
	GlobalSection(ProjectConfigurationPlatforms) = postSolution
		{89D8C741-A969-46AA-B38A-FA323B42DA4A}.Debug|Any CPU.ActiveCfg = Debug|Any CPU
		{89D8C741-A969-46AA-B38A-FA323B42DA4A}.Debug|Any CPU.Build.0 = Debug|Any CPU
		{89D8C741-A969-46AA-B38A-FA323B42DA4A}.Release|Any CPU.ActiveCfg = Release|Any CPU
		{89D8C741-A969-46AA-B38A-FA323B42DA4A}.Release|Any CPU.Build.0 = Release|Any CPU
	EndGlobalSection
	GlobalSection(SolutionProperties) = preSolution
		HideSolutionNode = FALSE
	EndGlobalSection
	GlobalSection(ExtensibilityGlobals) = postSolution
		SolutionGuid = {4301EDE0-D48F-433F-8A47-9CE166A90A80}
	EndGlobalSection
EndGlobal
